lockfileVersion: '9.0'

settings:
  autoInstallPeers: false
  excludeLinksFromLockfile: false

importers:

  .:
    dependencies:
      '@sophia/dsh-bundle':
        specifier: file:./sophia-dsh-bundle-0.1.0.tgz
        version: file:sophia-dsh-bundle-0.1.0.tgz

packages:

  '@sophia/dsh-bundle@file:sophia-dsh-bundle-0.1.0.tgz':
    resolution: {integrity: sha512-yVkqzCfRjk5cSVH6D4ORyTuRRr8OxOEt2EW8JyKRHZxquj7tS3I3BCqbMLKoqBpuGivwbYGsDAoVokM44VkPzg==, tarball: file:sophia-dsh-bundle-0.1.0.tgz}
    version: 0.1.0
    peerDependencies:
      '@deepseek-ai/cordis': 4.0.4
      '@deepseek-ai/dsh': 0.2.0-rc.2
      '@deepseek-ai/dsh-agent': 0.2.0-rc.2
      '@deepseek-ai/dsh-agent-default-model': 0.2.0-rc.2
      '@deepseek-ai/dsh-agent-preset-registry': 0.2.0-rc.2
      '@deepseek-ai/dsh-brand': 0.2.0-rc.2
      '@deepseek-ai/dsh-llm': 0.2.0-rc.2
      '@deepseek-ai/dsh-session': 0.2.0-rc.2
      '@deepseek-ai/dsh-tools': 0.2.0-rc.2

snapshots:

  '@sophia/dsh-bundle@file:sophia-dsh-bundle-0.1.0.tgz': {}
