lockfileVersion: '9.0'

settings:
  autoInstallPeers: false
  excludeLinksFromLockfile: false

importers:

  .:
    dependencies:
      '@sophia/dsh-bundle':
        specifier: file:./sophia-dsh-bundle-0.1.0.tgz
        version: file:sophia-dsh-bundle-0.1.0.tgz

packages:

  '@sophia/dsh-bundle@file:sophia-dsh-bundle-0.1.0.tgz':
    resolution: {integrity: sha512-k8eeGkM6w0yu6mU4OmH7p2Vk0BF267N3NYl+5mzZxkvdeDphbkYk9+IY+RwQxrdhhwiXaGAeC+nG2JNKk68p3w==, tarball: file:sophia-dsh-bundle-0.1.0.tgz}
    version: 0.1.0
    peerDependencies:
      '@deepseek-ai/cordis': 4.0.4
      '@deepseek-ai/dsh': 0.1.7-rc.1
      '@deepseek-ai/dsh-agent': 0.1.7-rc.1
      '@deepseek-ai/dsh-agent-default-model': 0.1.7-rc.1
      '@deepseek-ai/dsh-brand': 0.1.7-rc.1
      '@deepseek-ai/dsh-llm': 0.1.7-rc.1
      '@deepseek-ai/dsh-session': 0.1.7-rc.1
      '@deepseek-ai/dsh-tools': 0.1.7-rc.1

snapshots:

  '@sophia/dsh-bundle@file:sophia-dsh-bundle-0.1.0.tgz': {}
